
Microsoft Visual Studio Solution File, Format Version 12.00
# Visual Studio 2013
VisualStudioVersion = 12.0.21005.1
MinimumVisualStudioVersion = 10.0.40219.1
Project("{FAE04EC0-301F-11D3-BF4B-00C04F79EFBC}") = "DAL", "DAL\DAL.csproj", "{77BA0EB8-61B7-4951-9E22-BC2246E3C25B}"
EndProject
Project("{FAE04EC0-301F-11D3-BF4B-00C04F79EFBC}") = "Model.Common", "Model.Common\Model.Common.csproj", "{F1A3673C-8C1E-4D84-B761-2BCD42C7E1FE}"
EndProject
Project("{FAE04EC0-301F-11D3-BF4B-00C04F79EFBC}") = "Model", "Model\Model.csproj", "{CEEC670B-1049-47CD-8617-B2B31247130F}"
EndProject
Project("{FAE04EC0-301F-11D3-BF4B-00C04F79EFBC}") = "Repository.Common", "Repository.Common\Repository.Common.csproj", "{08FC5048-39A3-4ADB-B5CC-A65CD5FDBC2F}"
EndProject
Project("{FAE04EC0-301F-11D3-BF4B-00C04F79EFBC}") = "Repository", "Repository\Repository.csproj", "{C657F720-0EC4-49E2-8057-63E74985E856}"
EndProject
Project("{FAE04EC0-301F-11D3-BF4B-00C04F79EFBC}") = "Service", "Service\Service.csproj", "{CE8AA4EA-8A38-4684-BE61-D55390C5B0D0}"
EndProject
Project("{FAE04EC0-301F-11D3-BF4B-00C04F79EFBC}") = "Service.Common", "Service.Common\Service.Common.csproj", "{986E3071-F9C8-443F-9C34-7C438C1050B4}"
EndProject
Project("{FAE04EC0-301F-11D3-BF4B-00C04F79EFBC}") = "WebApi", "WebApi\WebApi.csproj", "{35CE22D9-75EB-4361-BE6A-FA1F1549445F}"
EndProject
Project("{FAE04EC0-301F-11D3-BF4B-00C04F79EFBC}") = "Filtering", "Filters\Filtering.csproj", "{E379C740-483D-419E-BAAD-ADAB7A7F9175}"
EndProject
Global
	GlobalSection(SolutionConfigurationPlatforms) = preSolution
		Debug|Any CPU = Debug|Any CPU
		Release|Any CPU = Release|Any CPU
	EndGlobalSection
	GlobalSection(ProjectConfigurationPlatforms) = postSolution
		{77BA0EB8-61B7-4951-9E22-BC2246E3C25B}.Debug|Any CPU.ActiveCfg = Debug|Any CPU
		{77BA0EB8-61B7-4951-9E22-BC2246E3C25B}.Debug|Any CPU.Build.0 = Debug|Any CPU
		{77BA0EB8-61B7-4951-9E22-BC2246E3C25B}.Release|Any CPU.ActiveCfg = Release|Any CPU
		{77BA0EB8-61B7-4951-9E22-BC2246E3C25B}.Release|Any CPU.Build.0 = Release|Any CPU
		{F1A3673C-8C1E-4D84-B761-2BCD42C7E1FE}.Debug|Any CPU.ActiveCfg = Debug|Any CPU
		{F1A3673C-8C1E-4D84-B761-2BCD42C7E1FE}.Debug|Any CPU.Build.0 = Debug|Any CPU
		{F1A3673C-8C1E-4D84-B761-2BCD42C7E1FE}.Release|Any CPU.ActiveCfg = Release|Any CPU
		{F1A3673C-8C1E-4D84-B761-2BCD42C7E1FE}.Release|Any CPU.Build.0 = Release|Any CPU
		{CEEC670B-1049-47CD-8617-B2B31247130F}.Debug|Any CPU.ActiveCfg = Debug|Any CPU
		{CEEC670B-1049-47CD-8617-B2B31247130F}.Debug|Any CPU.Build.0 = Debug|Any CPU
		{CEEC670B-1049-47CD-8617-B2B31247130F}.Release|Any CPU.ActiveCfg = Release|Any CPU
		{CEEC670B-1049-47CD-8617-B2B31247130F}.Release|Any CPU.Build.0 = Release|Any CPU
		{08FC5048-39A3-4ADB-B5CC-A65CD5FDBC2F}.Debug|Any CPU.ActiveCfg = Debug|Any CPU
		{08FC5048-39A3-4ADB-B5CC-A65CD5FDBC2F}.Debug|Any CPU.Build.0 = Debug|Any CPU
		{08FC5048-39A3-4ADB-B5CC-A65CD5FDBC2F}.Release|Any CPU.ActiveCfg = Release|Any CPU
		{08FC5048-39A3-4ADB-B5CC-A65CD5FDBC2F}.Release|Any CPU.Build.0 = Release|Any CPU
		{C657F720-0EC4-49E2-8057-63E74985E856}.Debug|Any CPU.ActiveCfg = Debug|Any CPU
		{C657F720-0EC4-49E2-8057-63E74985E856}.Debug|Any CPU.Build.0 = Debug|Any CPU
		{C657F720-0EC4-49E2-8057-63E74985E856}.Release|Any CPU.ActiveCfg = Release|Any CPU
		{C657F720-0EC4-49E2-8057-63E74985E856}.Release|Any CPU.Build.0 = Release|Any CPU
		{CE8AA4EA-8A38-4684-BE61-D55390C5B0D0}.Debug|Any CPU.ActiveCfg = Debug|Any CPU
		{CE8AA4EA-8A38-4684-BE61-D55390C5B0D0}.Debug|Any CPU.Build.0 = Debug|Any CPU
		{CE8AA4EA-8A38-4684-BE61-D55390C5B0D0}.Release|Any CPU.ActiveCfg = Release|Any CPU
		{CE8AA4EA-8A38-4684-BE61-D55390C5B0D0}.Release|Any CPU.Build.0 = Release|Any CPU
		{986E3071-F9C8-443F-9C34-7C438C1050B4}.Debug|Any CPU.ActiveCfg = Debug|Any CPU
		{986E3071-F9C8-443F-9C34-7C438C1050B4}.Debug|Any CPU.Build.0 = Debug|Any CPU
		{986E3071-F9C8-443F-9C34-7C438C1050B4}.Release|Any CPU.ActiveCfg = Release|Any CPU
		{986E3071-F9C8-443F-9C34-7C438C1050B4}.Release|Any CPU.Build.0 = Release|Any CPU
		{35CE22D9-75EB-4361-BE6A-FA1F1549445F}.Debug|Any CPU.ActiveCfg = Debug|Any CPU
		{35CE22D9-75EB-4361-BE6A-FA1F1549445F}.Debug|Any CPU.Build.0 = Debug|Any CPU
		{35CE22D9-75EB-4361-BE6A-FA1F1549445F}.Release|Any CPU.ActiveCfg = Release|Any CPU
		{35CE22D9-75EB-4361-BE6A-FA1F1549445F}.Release|Any CPU.Build.0 = Release|Any CPU
		{E379C740-483D-419E-BAAD-ADAB7A7F9175}.Debug|Any CPU.ActiveCfg = Debug|Any CPU
		{E379C740-483D-419E-BAAD-ADAB7A7F9175}.Debug|Any CPU.Build.0 = Debug|Any CPU
		{E379C740-483D-419E-BAAD-ADAB7A7F9175}.Release|Any CPU.ActiveCfg = Release|Any CPU
		{E379C740-483D-419E-BAAD-ADAB7A7F9175}.Release|Any CPU.Build.0 = Release|Any CPU
	EndGlobalSection
	GlobalSection(SolutionProperties) = preSolution
		HideSolutionNode = FALSE
	EndGlobalSection
EndGlobal
